
Microsoft Visual Studio Solution File, Format Version 12.00
# Visual Studio Version 17
VisualStudioVersion = 17.11.35327.3
MinimumVisualStudioVersion = 10.0.40219.1
Project("{FAE04EC0-301F-11D3-BF4B-00C04F79EFBC}") = "Student Info Management", "Student Info Management.csproj", "{3B1305B8-20A1-48F5-BFC7-032B61E798D7}"
EndProject
Global
	GlobalSection(SolutionConfigurationPlatforms) = preSolution
		Debug|Any CPU = Debug|Any CPU
		Release|Any CPU = Release|Any CPU
	EndGlobalSection
	GlobalSection(ProjectConfigurationPlatforms) = postSolution
		{3B1305B8-20A1-48F5-BFC7-032B61E798D7}.Debug|Any CPU.ActiveCfg = Debug|Any CPU
		{3B1305B8-20A1-48F5-BFC7-032B61E798D7}.Debug|Any CPU.Build.0 = Debug|Any CPU
		{3B1305B8-20A1-48F5-BFC7-032B61E798D7}.Release|Any CPU.ActiveCfg = Release|Any CPU
		{3B1305B8-20A1-48F5-BFC7-032B61E798D7}.Release|Any CPU.Build.0 = Release|Any CPU
	EndGlobalSection
	GlobalSection(SolutionProperties) = preSolution
		HideSolutionNode = FALSE
	EndGlobalSection
	GlobalSection(ExtensibilityGlobals) = postSolution
		SolutionGuid = {26E13024-EB6C-4B20-8DED-C65378993259}
	EndGlobalSection
EndGlobal
